
Microsoft Visual Studio Solution File, Format Version 12.00
# Visual Studio Version 16
VisualStudioVersion = 16.0.31129.286
MinimumVisualStudioVersion = 10.0.40219.1
Project("{2150E333-8FDC-42A3-9474-1A3956D46DE8}") = "Product", "Product", "{2705D29E-F83C-4E32-B9A6-4A375F45530C}"
EndProject
Project("{9A19103F-16F7-4668-BE54-9A1E7A4F7556}") = "ProductServices", "Product\ProductServices\ProductServices.csproj", "{44A3F321-83CE-4775-9630-3D050DC9F559}"
EndProject
Project("{2150E333-8FDC-42A3-9474-1A3956D46DE8}") = "Gateway", "Gateway", "{55813A4E-DF46-4663-8D7E-CF6DC6E640A6}"
EndProject
Project("{9A19103F-16F7-4668-BE54-9A1E7A4F7556}") = "APIGateway", "APIGateway\APIGateway.csproj", "{A4090EF5-880C-470B-832E-9381E9BA6326}"
EndProject
Project("{2150E333-8FDC-42A3-9474-1A3956D46DE8}") = "Ordering", "Ordering", "{97EBD8B3-FEF6-4562-A994-5B167CBD9390}"
EndProject
Project("{2150E333-8FDC-42A3-9474-1A3956D46DE8}") = "Ordering.API", "Ordering.API", "{9353B251-2D22-4A59-9518-D53B97AB5F15}"
EndProject
Project("{9A19103F-16F7-4668-BE54-9A1E7A4F7556}") = "Ordering.API", "Ordering\Ordering.API\Ordering.API.csproj", "{23C3A5F6-59DB-446C-A547-61ED837C1F36}"
EndProject
Project("{2150E333-8FDC-42A3-9474-1A3956D46DE8}") = "Ordering.Application", "Ordering.Application", "{7BDF00D6-6674-43DA-852A-82E7FFB30D07}"
EndProject
Project("{9A19103F-16F7-4668-BE54-9A1E7A4F7556}") = "Ordering.Application", "Ordering\Ordering.Application\Ordering.Application.csproj", "{897D3010-5942-43DC-B92F-D96A0BF9D0FC}"
EndProject
Project("{2150E333-8FDC-42A3-9474-1A3956D46DE8}") = "Ordering.Domain", "Ordering.Domain", "{3599969E-1BC9-4FFA-8A0E-88B3F956B2C0}"
EndProject
Project("{9A19103F-16F7-4668-BE54-9A1E7A4F7556}") = "Ordering.Domain", "Ordering\Ordering.Domain\Ordering.Domain.csproj", "{2299A1D1-6177-4E70-846E-3E00C8E908D2}"
EndProject
Project("{2150E333-8FDC-42A3-9474-1A3956D46DE8}") = "Ordering.Infrastructure", "Ordering.Infrastructure", "{8258A899-B6D4-45B2-9C93-A008AF2FF6E6}"
EndProject
Project("{9A19103F-16F7-4668-BE54-9A1E7A4F7556}") = "Ordering.Infrastructure", "Ordering\Ordering.Infrastructure\Ordering.Infrastructure.csproj", "{4363F0C0-B2CA-4762-8DFF-89D58EA39F6E}"
EndProject
Project("{2150E333-8FDC-42A3-9474-1A3956D46DE8}") = "Common", "Common", "{B3013CE6-489E-4ED3-B9F8-17A4B7F29104}"
EndProject
Project("{2150E333-8FDC-42A3-9474-1A3956D46DE8}") = "Common.Logging", "Common.Logging", "{0815B4A1-0514-492A-B243-6524A56BE12F}"
EndProject
Project("{9A19103F-16F7-4668-BE54-9A1E7A4F7556}") = "Common.Logging", "Common\Common.Logging\Common.Logging.csproj", "{B98A5AFC-E957-4321-800D-ADF8767B0AB4}"
EndProject
Project("{2150E333-8FDC-42A3-9474-1A3956D46DE8}") = "EventBus.Messages", "EventBus.Messages", "{6F53EAFD-2823-4FF6-86DC-ECF8DFF67AD0}"
EndProject
Project("{9A19103F-16F7-4668-BE54-9A1E7A4F7556}") = "EventBus.Messages", "Common\EventBus.Messages\EventBus.Messages.csproj", "{A7A13160-6C45-4C9E-8B5C-EDC0ACCCC041}"
EndProject
Project("{2150E333-8FDC-42A3-9474-1A3956D46DE8}") = "ShoppingCart", "ShoppingCart", "{64E978E3-2C5B-4E6F-B32F-68334062AE85}"
EndProject
Project("{9A19103F-16F7-4668-BE54-9A1E7A4F7556}") = "ShoppingCart.API", "ShoppingCart\ShoppingCart.API\ShoppingCart.API.csproj", "{F1F4B459-F0F0-450F-A079-551A51387721}"
EndProject
Project("{2150E333-8FDC-42A3-9474-1A3956D46DE8}") = "Discount", "Discount", "{19B21871-F7E2-44A6-BA27-6AD3BE220BE1}"
EndProject
Project("{FAE04EC0-301F-11D3-BF4B-00C04F79EFBC}") = "DiscountAPI", "DiscountAPI\DiscountAPI.csproj", "{48A24882-934D-4C6E-89D6-E9E4D0BAED71}"
EndProject
Global
	GlobalSection(SolutionConfigurationPlatforms) = preSolution
		Debug|Any CPU = Debug|Any CPU
		Release|Any CPU = Release|Any CPU
	EndGlobalSection
	GlobalSection(ProjectConfigurationPlatforms) = postSolution
		{44A3F321-83CE-4775-9630-3D050DC9F559}.Debug|Any CPU.ActiveCfg = Debug|Any CPU
		{44A3F321-83CE-4775-9630-3D050DC9F559}.Debug|Any CPU.Build.0 = Debug|Any CPU
		{44A3F321-83CE-4775-9630-3D050DC9F559}.Release|Any CPU.ActiveCfg = Release|Any CPU
		{44A3F321-83CE-4775-9630-3D050DC9F559}.Release|Any CPU.Build.0 = Release|Any CPU
		{A4090EF5-880C-470B-832E-9381E9BA6326}.Debug|Any CPU.ActiveCfg = Debug|Any CPU
		{A4090EF5-880C-470B-832E-9381E9BA6326}.Debug|Any CPU.Build.0 = Debug|Any CPU
		{A4090EF5-880C-470B-832E-9381E9BA6326}.Release|Any CPU.ActiveCfg = Release|Any CPU
		{A4090EF5-880C-470B-832E-9381E9BA6326}.Release|Any CPU.Build.0 = Release|Any CPU
		{23C3A5F6-59DB-446C-A547-61ED837C1F36}.Debug|Any CPU.ActiveCfg = Debug|Any CPU
		{23C3A5F6-59DB-446C-A547-61ED837C1F36}.Debug|Any CPU.Build.0 = Debug|Any CPU
		{23C3A5F6-59DB-446C-A547-61ED837C1F36}.Release|Any CPU.ActiveCfg = Release|Any CPU
		{23C3A5F6-59DB-446C-A547-61ED837C1F36}.Release|Any CPU.Build.0 = Release|Any CPU
		{897D3010-5942-43DC-B92F-D96A0BF9D0FC}.Debug|Any CPU.ActiveCfg = Debug|Any CPU
		{897D3010-5942-43DC-B92F-D96A0BF9D0FC}.Debug|Any CPU.Build.0 = Debug|Any CPU
		{897D3010-5942-43DC-B92F-D96A0BF9D0FC}.Release|Any CPU.ActiveCfg = Release|Any CPU
		{897D3010-5942-43DC-B92F-D96A0BF9D0FC}.Release|Any CPU.Build.0 = Release|Any CPU
		{2299A1D1-6177-4E70-846E-3E00C8E908D2}.Debug|Any CPU.ActiveCfg = Debug|Any CPU
		{2299A1D1-6177-4E70-846E-3E00C8E908D2}.Debug|Any CPU.Build.0 = Debug|Any CPU
		{2299A1D1-6177-4E70-846E-3E00C8E908D2}.Release|Any CPU.ActiveCfg = Release|Any CPU
		{2299A1D1-6177-4E70-846E-3E00C8E908D2}.Release|Any CPU.Build.0 = Release|Any CPU
		{4363F0C0-B2CA-4762-8DFF-89D58EA39F6E}.Debug|Any CPU.ActiveCfg = Debug|Any CPU
		{4363F0C0-B2CA-4762-8DFF-89D58EA39F6E}.Debug|Any CPU.Build.0 = Debug|Any CPU
		{4363F0C0-B2CA-4762-8DFF-89D58EA39F6E}.Release|Any CPU.ActiveCfg = Release|Any CPU
		{4363F0C0-B2CA-4762-8DFF-89D58EA39F6E}.Release|Any CPU.Build.0 = Release|Any CPU
		{B98A5AFC-E957-4321-800D-ADF8767B0AB4}.Debug|Any CPU.ActiveCfg = Debug|Any CPU
		{B98A5AFC-E957-4321-800D-ADF8767B0AB4}.Debug|Any CPU.Build.0 = Debug|Any CPU
		{B98A5AFC-E957-4321-800D-ADF8767B0AB4}.Release|Any CPU.ActiveCfg = Release|Any CPU
		{B98A5AFC-E957-4321-800D-ADF8767B0AB4}.Release|Any CPU.Build.0 = Release|Any CPU
		{A7A13160-6C45-4C9E-8B5C-EDC0ACCCC041}.Debug|Any CPU.ActiveCfg = Debug|Any CPU
		{A7A13160-6C45-4C9E-8B5C-EDC0ACCCC041}.Debug|Any CPU.Build.0 = Debug|Any CPU
		{A7A13160-6C45-4C9E-8B5C-EDC0ACCCC041}.Release|Any CPU.ActiveCfg = Release|Any CPU
		{A7A13160-6C45-4C9E-8B5C-EDC0ACCCC041}.Release|Any CPU.Build.0 = Release|Any CPU
		{F1F4B459-F0F0-450F-A079-551A51387721}.Debug|Any CPU.ActiveCfg = Debug|Any CPU
		{F1F4B459-F0F0-450F-A079-551A51387721}.Debug|Any CPU.Build.0 = Debug|Any CPU
		{F1F4B459-F0F0-450F-A079-551A51387721}.Release|Any CPU.ActiveCfg = Release|Any CPU
		{F1F4B459-F0F0-450F-A079-551A51387721}.Release|Any CPU.Build.0 = Release|Any CPU
		{48A24882-934D-4C6E-89D6-E9E4D0BAED71}.Debug|Any CPU.ActiveCfg = Debug|Any CPU
		{48A24882-934D-4C6E-89D6-E9E4D0BAED71}.Debug|Any CPU.Build.0 = Debug|Any CPU
		{48A24882-934D-4C6E-89D6-E9E4D0BAED71}.Release|Any CPU.ActiveCfg = Release|Any CPU
		{48A24882-934D-4C6E-89D6-E9E4D0BAED71}.Release|Any CPU.Build.0 = Release|Any CPU
	EndGlobalSection
	GlobalSection(SolutionProperties) = preSolution
		HideSolutionNode = FALSE
	EndGlobalSection
	GlobalSection(NestedProjects) = preSolution
		{44A3F321-83CE-4775-9630-3D050DC9F559} = {2705D29E-F83C-4E32-B9A6-4A375F45530C}
		{A4090EF5-880C-470B-832E-9381E9BA6326} = {55813A4E-DF46-4663-8D7E-CF6DC6E640A6}
		{9353B251-2D22-4A59-9518-D53B97AB5F15} = {97EBD8B3-FEF6-4562-A994-5B167CBD9390}
		{23C3A5F6-59DB-446C-A547-61ED837C1F36} = {9353B251-2D22-4A59-9518-D53B97AB5F15}
		{7BDF00D6-6674-43DA-852A-82E7FFB30D07} = {97EBD8B3-FEF6-4562-A994-5B167CBD9390}
		{897D3010-5942-43DC-B92F-D96A0BF9D0FC} = {7BDF00D6-6674-43DA-852A-82E7FFB30D07}
		{3599969E-1BC9-4FFA-8A0E-88B3F956B2C0} = {97EBD8B3-FEF6-4562-A994-5B167CBD9390}
		{2299A1D1-6177-4E70-846E-3E00C8E908D2} = {3599969E-1BC9-4FFA-8A0E-88B3F956B2C0}
		{8258A899-B6D4-45B2-9C93-A008AF2FF6E6} = {97EBD8B3-FEF6-4562-A994-5B167CBD9390}
		{4363F0C0-B2CA-4762-8DFF-89D58EA39F6E} = {8258A899-B6D4-45B2-9C93-A008AF2FF6E6}
		{0815B4A1-0514-492A-B243-6524A56BE12F} = {B3013CE6-489E-4ED3-B9F8-17A4B7F29104}
		{B98A5AFC-E957-4321-800D-ADF8767B0AB4} = {0815B4A1-0514-492A-B243-6524A56BE12F}
		{6F53EAFD-2823-4FF6-86DC-ECF8DFF67AD0} = {B3013CE6-489E-4ED3-B9F8-17A4B7F29104}
		{A7A13160-6C45-4C9E-8B5C-EDC0ACCCC041} = {6F53EAFD-2823-4FF6-86DC-ECF8DFF67AD0}
		{F1F4B459-F0F0-450F-A079-551A51387721} = {64E978E3-2C5B-4E6F-B32F-68334062AE85}
		{48A24882-934D-4C6E-89D6-E9E4D0BAED71} = {19B21871-F7E2-44A6-BA27-6AD3BE220BE1}
	EndGlobalSection
	GlobalSection(ExtensibilityGlobals) = postSolution
		SolutionGuid = {413F5020-1C51-42B9-9A9D-A6C5044F577F}
	EndGlobalSection
EndGlobal
